// !$*UTF8*$!
{
	archiveVersion = 1;
	classes = {
	};
	objectVersion = 48;
	objects = {

/* Begin PBXBuildFile section */
		D302C68A205BD1F40005D9BA /* ToastLogger.framework in Frameworks */ = {isa = PBXBuildFile; fileRef = D302C685205BD1F20005D9BA /* ToastLogger.framework */; };
		D302C68B205BD1F40005D9BA /* ToastCommon.framework in Frameworks */ = {isa = PBXBuildFile; fileRef = D302C686205BD1F20005D9BA /* ToastCommon.framework */; };
		D302C68C205BD1F40005D9BA /* CrashReporter.framework in Frameworks */ = {isa = PBXBuildFile; fileRef = D302C687205BD1F30005D9BA /* CrashReporter.framework */; };
		D302C68D205BD1F40005D9BA /* ToastCore.framework in Frameworks */ = {isa = PBXBuildFile; fileRef = D302C688205BD1F30005D9BA /* ToastCore.framework */; };
		D302C68E205BD1F40005D9BA /* ToastCrash.framework in Frameworks */ = {isa = PBXBuildFile; fileRef = D302C689205BD1F30005D9BA /* ToastCrash.framework */; };
		D3CC35C22057CA7F00869634 /* AppDelegate.m in Sources */ = {isa = PBXBuildFile; fileRef = D3CC35C12057CA7F00869634 /* AppDelegate.m */; };
		D3CC35C52057CA7F00869634 /* ViewController.m in Sources */ = {isa = PBXBuildFile; fileRef = D3CC35C42057CA7F00869634 /* ViewController.m */; };
		D3CC35C82057CA7F00869634 /* Main.storyboard in Resources */ = {isa = PBXBuildFile; fileRef = D3CC35C62057CA7F00869634 /* Main.storyboard */; };
		D3CC35CA2057CA7F00869634 /* Assets.xcassets in Resources */ = {isa = PBXBuildFile; fileRef = D3CC35C92057CA7F00869634 /* Assets.xcassets */; };
		D3CC35CD2057CA7F00869634 /* LaunchScreen.storyboard in Resources */ = {isa = PBXBuildFile; fileRef = D3CC35CB2057CA7F00869634 /* LaunchScreen.storyboard */; };
		D3CC35D02057CA7F00869634 /* main.m in Sources */ = {isa = PBXBuildFile; fileRef = D3CC35CF2057CA7F00869634 /* main.m */; };
		D3CC35DA2057CA7F00869634 /* ToastCrashSampleTests.m in Sources */ = {isa = PBXBuildFile; fileRef = D3CC35D92057CA7F00869634 /* ToastCrashSampleTests.m */; };
		D3CC35E52057CA7F00869634 /* ToastCrashSampleUITests.m in Sources */ = {isa = PBXBuildFile; fileRef = D3CC35E42057CA7F00869634 /* ToastCrashSampleUITests.m */; };
/* End PBXBuildFile section */

/* Begin PBXContainerItemProxy section */
		D3CC35D62057CA7F00869634 /* PBXContainerItemProxy */ = {
			isa = PBXContainerItemProxy;
			containerPortal = D3CC35B52057CA7F00869634 /* Project object */;
			proxyType = 1;
			remoteGlobalIDString = D3CC35BC2057CA7F00869634;
			remoteInfo = ToastCrashSample;
		};
		D3CC35E12057CA7F00869634 /* PBXContainerItemProxy */ = {
			isa = PBXContainerItemProxy;
			containerPortal = D3CC35B52057CA7F00869634 /* Project object */;
			proxyType = 1;
			remoteGlobalIDString = D3CC35BC2057CA7F00869634;
			remoteInfo = ToastCrashSample;
		};
/* End PBXContainerItemProxy section */

/* Begin PBXFileReference section */
		D302C685205BD1F20005D9BA /* ToastLogger.framework */ = {isa = PBXFileReference; lastKnownFileType = wrapper.framework; path = ToastLogger.framework; sourceTree = SOURCE_ROOT; };
		D302C686205BD1F20005D9BA /* ToastCommon.framework */ = {isa = PBXFileReference; lastKnownFileType = wrapper.framework; path = ToastCommon.framework; sourceTree = SOURCE_ROOT; };
		D302C687205BD1F30005D9BA /* CrashReporter.framework */ = {isa = PBXFileReference; lastKnownFileType = wrapper.framework; path = CrashReporter.framework; sourceTree = SOURCE_ROOT; };
		D302C688205BD1F30005D9BA /* ToastCore.framework */ = {isa = PBXFileReference; lastKnownFileType = wrapper.framework; path = ToastCore.framework; sourceTree = SOURCE_ROOT; };
		D302C689205BD1F30005D9BA /* ToastCrash.framework */ = {isa = PBXFileReference; lastKnownFileType = wrapper.framework; path = ToastCrash.framework; sourceTree = SOURCE_ROOT; };
		D302C690205BD7920005D9BA /* SystemConfiguration.framework */ = {isa = PBXFileReference; lastKnownFileType = wrapper.framework; name = SystemConfiguration.framework; path = System/Library/Frameworks/SystemConfiguration.framework; sourceTree = SDKROOT; };
		D3CC35BD2057CA7F00869634 /* ToastCrashSample.app */ = {isa = PBXFileReference; explicitFileType = wrapper.application; includeInIndex = 0; path = ToastCrashSample.app; sourceTree = BUILT_PRODUCTS_DIR; };
		D3CC35C02057CA7F00869634 /* AppDelegate.h */ = {isa = PBXFileReference; lastKnownFileType = sourcecode.c.h; path = AppDelegate.h; sourceTree = "<group>"; };
		D3CC35C12057CA7F00869634 /* AppDelegate.m */ = {isa = PBXFileReference; lastKnownFileType = sourcecode.c.objc; path = AppDelegate.m; sourceTree = "<group>"; };
		D3CC35C32057CA7F00869634 /* ViewController.h */ = {isa = PBXFileReference; lastKnownFileType = sourcecode.c.h; path = ViewController.h; sourceTree = "<group>"; };
		D3CC35C42057CA7F00869634 /* ViewController.m */ = {isa = PBXFileReference; lastKnownFileType = sourcecode.c.objc; path = ViewController.m; sourceTree = "<group>"; };
		D3CC35C72057CA7F00869634 /* Base */ = {isa = PBXFileReference; lastKnownFileType = file.storyboard; name = Base; path = Base.lproj/Main.storyboard; sourceTree = "<group>"; };
		D3CC35C92057CA7F00869634 /* Assets.xcassets */ = {isa = PBXFileReference; lastKnownFileType = folder.assetcatalog; path = Assets.xcassets; sourceTree = "<group>"; };
		D3CC35CC2057CA7F00869634 /* Base */ = {isa = PBXFileReference; lastKnownFileType = file.storyboard; name = Base; path = Base.lproj/LaunchScreen.storyboard; sourceTree = "<group>"; };
		D3CC35CE2057CA7F00869634 /* Info.plist */ = {isa = PBXFileReference; lastKnownFileType = text.plist.xml; path = Info.plist; sourceTree = "<group>"; };
		D3CC35CF2057CA7F00869634 /* main.m */ = {isa = PBXFileReference; lastKnownFileType = sourcecode.c.objc; path = main.m; sourceTree = "<group>"; };
		D3CC35D52057CA7F00869634 /* ToastCrashSampleTests.xctest */ = {isa = PBXFileReference; explicitFileType = wrapper.cfbundle; includeInIndex = 0; path = ToastCrashSampleTests.xctest; sourceTree = BUILT_PRODUCTS_DIR; };
		D3CC35D92057CA7F00869634 /* ToastCrashSampleTests.m */ = {isa = PBXFileReference; lastKnownFileType = sourcecode.c.objc; path = ToastCrashSampleTests.m; sourceTree = "<group>"; };
		D3CC35DB2057CA7F00869634 /* Info.plist */ = {isa = PBXFileReference; lastKnownFileType = text.plist.xml; path = Info.plist; sourceTree = "<group>"; };
		D3CC35E02057CA7F00869634 /* ToastCrashSampleUITests.xctest */ = {isa = PBXFileReference; explicitFileType = wrapper.cfbundle; includeInIndex = 0; path = ToastCrashSampleUITests.xctest; sourceTree = BUILT_PRODUCTS_DIR; };
		D3CC35E42057CA7F00869634 /* ToastCrashSampleUITests.m */ = {isa = PBXFileReference; lastKnownFileType = sourcecode.c.objc; path = ToastCrashSampleUITests.m; sourceTree = "<group>"; };
		D3CC35E62057CA7F00869634 /* Info.plist */ = {isa = PBXFileReference; lastKnownFileType = text.plist.xml; path = Info.plist; sourceTree = "<group>"; };
/* End PBXFileReference section */

/* Begin PBXFrameworksBuildPhase section */
		D3CC35BA2057CA7F00869634 /* Frameworks */ = {
			isa = PBXFrameworksBuildPhase;
			buildActionMask = 2147483647;
			files = (
				D302C68E205BD1F40005D9BA /* ToastCrash.framework in Frameworks */,
				D302C68A205BD1F40005D9BA /* ToastLogger.framework in Frameworks */,
				D302C68C205BD1F40005D9BA /* CrashReporter.framework in Frameworks */,
				D302C68B205BD1F40005D9BA /* ToastCommon.framework in Frameworks */,
				D302C68D205BD1F40005D9BA /* ToastCore.framework in Frameworks */,
			);
			runOnlyForDeploymentPostprocessing = 0;
		};
		D3CC35D22057CA7F00869634 /* Frameworks */ = {
			isa = PBXFrameworksBuildPhase;
			buildActionMask = 2147483647;
			files = (
			);
			runOnlyForDeploymentPostprocessing = 0;
		};
		D3CC35DD2057CA7F00869634 /* Frameworks */ = {
			isa = PBXFrameworksBuildPhase;
			buildActionMask = 2147483647;
			files = (
			);
			runOnlyForDeploymentPostprocessing = 0;
		};
/* End PBXFrameworksBuildPhase section */

/* Begin PBXGroup section */
		D302C68F205BD7910005D9BA /* Frameworks */ = {
			isa = PBXGroup;
			children = (
				D302C690205BD7920005D9BA /* SystemConfiguration.framework */,
			);
			name = Frameworks;
			sourceTree = "<group>";
		};
		D3CC35B42057CA7F00869634 = {
			isa = PBXGroup;
			children = (
				D3CC35BF2057CA7F00869634 /* ToastCrashSample */,
				D3CC35D82057CA7F00869634 /* ToastCrashSampleTests */,
				D3CC35E32057CA7F00869634 /* ToastCrashSampleUITests */,
				D3CC35BE2057CA7F00869634 /* Products */,
				D302C68F205BD7910005D9BA /* Frameworks */,
			);
			sourceTree = "<group>";
		};
		D3CC35BE2057CA7F00869634 /* Products */ = {
			isa = PBXGroup;
			children = (
				D3CC35BD2057CA7F00869634 /* ToastCrashSample.app */,
				D3CC35D52057CA7F00869634 /* ToastCrashSampleTests.xctest */,
				D3CC35E02057CA7F00869634 /* ToastCrashSampleUITests.xctest */,
			);
			name = Products;
			sourceTree = "<group>";
		};
		D3CC35BF2057CA7F00869634 /* ToastCrashSample */ = {
			isa = PBXGroup;
			children = (
				D302C687205BD1F30005D9BA /* CrashReporter.framework */,
				D302C686205BD1F20005D9BA /* ToastCommon.framework */,
				D302C688205BD1F30005D9BA /* ToastCore.framework */,
				D302C689205BD1F30005D9BA /* ToastCrash.framework */,
				D302C685205BD1F20005D9BA /* ToastLogger.framework */,
				D3CC35C02057CA7F00869634 /* AppDelegate.h */,
				D3CC35C12057CA7F00869634 /* AppDelegate.m */,
				D3CC35C32057CA7F00869634 /* ViewController.h */,
				D3CC35C42057CA7F00869634 /* ViewController.m */,
				D3CC35C62057CA7F00869634 /* Main.storyboard */,
				D3CC35C92057CA7F00869634 /* Assets.xcassets */,
				D3CC35CB2057CA7F00869634 /* LaunchScreen.storyboard */,
				D3CC35CE2057CA7F00869634 /* Info.plist */,
				D3CC35CF2057CA7F00869634 /* main.m */,
			);
			path = ToastCrashSample;
			sourceTree = "<group>";
		};
		D3CC35D82057CA7F00869634 /* ToastCrashSampleTests */ = {
			isa = PBXGroup;
			children = (
				D3CC35D92057CA7F00869634 /* ToastCrashSampleTests.m */,
				D3CC35DB2057CA7F00869634 /* Info.plist */,
			);
			path = ToastCrashSampleTests;
			sourceTree = "<group>";
		};
		D3CC35E32057CA7F00869634 /* ToastCrashSampleUITests */ = {
			isa = PBXGroup;
			children = (
				D3CC35E42057CA7F00869634 /* ToastCrashSampleUITests.m */,
				D3CC35E62057CA7F00869634 /* Info.plist */,
			);
			path = ToastCrashSampleUITests;
			sourceTree = "<group>";
		};
/* End PBXGroup section */

/* Begin PBXNativeTarget section */
		D3CC35BC2057CA7F00869634 /* ToastCrashSample */ = {
			isa = PBXNativeTarget;
			buildConfigurationList = D3CC35E92057CA7F00869634 /* Build configuration list for PBXNativeTarget "ToastCrashSample" */;
			buildPhases = (
				D3CC35B92057CA7F00869634 /* Sources */,
				D3CC35BA2057CA7F00869634 /* Frameworks */,
				D3CC35BB2057CA7F00869634 /* Resources */,
			);
			buildRules = (
			);
			dependencies = (
			);
			name = ToastCrashSample;
			productName = ToastCrashSample;
			productReference = D3CC35BD2057CA7F00869634 /* ToastCrashSample.app */;
			productType = "com.apple.product-type.application";
		};
		D3CC35D42057CA7F00869634 /* ToastCrashSampleTests */ = {
			isa = PBXNativeTarget;
			buildConfigurationList = D3CC35EC2057CA7F00869634 /* Build configuration list for PBXNativeTarget "ToastCrashSampleTests" */;
			buildPhases = (
				D3CC35D12057CA7F00869634 /* Sources */,
				D3CC35D22057CA7F00869634 /* Frameworks */,
				D3CC35D32057CA7F00869634 /* Resources */,
			);
			buildRules = (
			);
			dependencies = (
				D3CC35D72057CA7F00869634 /* PBXTargetDependency */,
			);
			name = ToastCrashSampleTests;
			productName = ToastCrashSampleTests;
			productReference = D3CC35D52057CA7F00869634 /* ToastCrashSampleTests.xctest */;
			productType = "com.apple.product-type.bundle.unit-test";
		};
		D3CC35DF2057CA7F00869634 /* ToastCrashSampleUITests */ = {
			isa = PBXNativeTarget;
			buildConfigurationList = D3CC35EF2057CA7F00869634 /* Build configuration list for PBXNativeTarget "ToastCrashSampleUITests" */;
			buildPhases = (
				D3CC35DC2057CA7F00869634 /* Sources */,
				D3CC35DD2057CA7F00869634 /* Frameworks */,
				D3CC35DE2057CA7F00869634 /* Resources */,
			);
			buildRules = (
			);
			dependencies = (
				D3CC35E22057CA7F00869634 /* PBXTargetDependency */,
			);
			name = ToastCrashSampleUITests;
			productName = ToastCrashSampleUITests;
			productReference = D3CC35E02057CA7F00869634 /* ToastCrashSampleUITests.xctest */;
			productType = "com.apple.product-type.bundle.ui-testing";
		};
/* End PBXNativeTarget section */

/* Begin PBXProject section */
		D3CC35B52057CA7F00869634 /* Project object */ = {
			isa = PBXProject;
			attributes = {
				LastUpgradeCheck = 0920;
				ORGANIZATIONNAME = "NHN Entertainment Corp.";
				TargetAttributes = {
					D3CC35BC2057CA7F00869634 = {
						CreatedOnToolsVersion = 9.2;
						ProvisioningStyle = Automatic;
					};
					D3CC35D42057CA7F00869634 = {
						CreatedOnToolsVersion = 9.2;
						ProvisioningStyle = Automatic;
						TestTargetID = D3CC35BC2057CA7F00869634;
					};
					D3CC35DF2057CA7F00869634 = {
						CreatedOnToolsVersion = 9.2;
						ProvisioningStyle = Automatic;
						TestTargetID = D3CC35BC2057CA7F00869634;
					};
				};
			};
			buildConfigurationList = D3CC35B82057CA7F00869634 /* Build configuration list for PBXProject "ToastCrashSample" */;
			compatibilityVersion = "Xcode 8.0";
			developmentRegion = en;
			hasScannedForEncodings = 0;
			knownRegions = (
				en,
				Base,
			);
			mainGroup = D3CC35B42057CA7F00869634;
			productRefGroup = D3CC35BE2057CA7F00869634 /* Products */;
			projectDirPath = "";
			projectRoot = "";
			targets = (
				D3CC35BC2057CA7F00869634 /* ToastCrashSample */,
				D3CC35D42057CA7F00869634 /* ToastCrashSampleTests */,
				D3CC35DF2057CA7F00869634 /* ToastCrashSampleUITests */,
			);
		};
/* End PBXProject section */

/* Begin PBXResourcesBuildPhase section */
		D3CC35BB2057CA7F00869634 /* Resources */ = {
			isa = PBXResourcesBuildPhase;
			buildActionMask = 2147483647;
			files = (
				D3CC35CD2057CA7F00869634 /* LaunchScreen.storyboard in Resources */,
				D3CC35CA2057CA7F00869634 /* Assets.xcassets in Resources */,
				D3CC35C82057CA7F00869634 /* Main.storyboard in Resources */,
			);
			runOnlyForDeploymentPostprocessing = 0;
		};
		D3CC35D32057CA7F00869634 /* Resources */ = {
			isa = PBXResourcesBuildPhase;
			buildActionMask = 2147483647;
			files = (
			);
			runOnlyForDeploymentPostprocessing = 0;
		};
		D3CC35DE2057CA7F00869634 /* Resources */ = {
			isa = PBXResourcesBuildPhase;
			buildActionMask = 2147483647;
			files = (
			);
			runOnlyForDeploymentPostprocessing = 0;
		};
/* End PBXResourcesBuildPhase section */

/* Begin PBXSourcesBuildPhase section */
		D3CC35B92057CA7F00869634 /* Sources */ = {
			isa = PBXSourcesBuildPhase;
			buildActionMask = 2147483647;
			files = (
				D3CC35C52057CA7F00869634 /* ViewController.m in Sources */,
				D3CC35D02057CA7F00869634 /* main.m in Sources */,
				D3CC35C22057CA7F00869634 /* AppDelegate.m in Sources */,
			);
			runOnlyForDeploymentPostprocessing = 0;
		};
		D3CC35D12057CA7F00869634 /* Sources */ = {
			isa = PBXSourcesBuildPhase;
			buildActionMask = 2147483647;
			files = (
				D3CC35DA2057CA7F00869634 /* ToastCrashSampleTests.m in Sources */,
			);
			runOnlyForDeploymentPostprocessing = 0;
		};
		D3CC35DC2057CA7F00869634 /* Sources */ = {
			isa = PBXSourcesBuildPhase;
			buildActionMask = 2147483647;
			files = (
				D3CC35E52057CA7F00869634 /* ToastCrashSampleUITests.m in Sources */,
			);
			runOnlyForDeploymentPostprocessing = 0;
		};
/* End PBXSourcesBuildPhase section */

/* Begin PBXTargetDependency section */
		D3CC35D72057CA7F00869634 /* PBXTargetDependency */ = {
			isa = PBXTargetDependency;
			target = D3CC35BC2057CA7F00869634 /* ToastCrashSample */;
			targetProxy = D3CC35D62057CA7F00869634 /* PBXContainerItemProxy */;
		};
		D3CC35E22057CA7F00869634 /* PBXTargetDependency */ = {
			isa = PBXTargetDependency;
			target = D3CC35BC2057CA7F00869634 /* ToastCrashSample */;
			targetProxy = D3CC35E12057CA7F00869634 /* PBXContainerItemProxy */;
		};
/* End PBXTargetDependency section */

/* Begin PBXVariantGroup section */
		D3CC35C62057CA7F00869634 /* Main.storyboard */ = {
			isa = PBXVariantGroup;
			children = (
				D3CC35C72057CA7F00869634 /* Base */,
			);
			name = Main.storyboard;
			sourceTree = "<group>";
		};
		D3CC35CB2057CA7F00869634 /* LaunchScreen.storyboard */ = {
			isa = PBXVariantGroup;
			children = (
				D3CC35CC2057CA7F00869634 /* Base */,
			);
			name = LaunchScreen.storyboard;
			sourceTree = "<group>";
		};
/* End PBXVariantGroup section */

/* Begin XCBuildConfiguration section */
		D3CC35E72057CA7F00869634 /* Debug */ = {
			isa = XCBuildConfiguration;
			buildSettings = {
				ALWAYS_SEARCH_USER_PATHS = NO;
				CLANG_ANALYZER_NONNULL = YES;
				CLANG_ANALYZER_NUMBER_OBJECT_CONVERSION = YES_AGGRESSIVE;
				CLANG_CXX_LANGUAGE_STANDARD = "gnu++14";
				CLANG_CXX_LIBRARY = "libc++";
				CLANG_ENABLE_MODULES = YES;
				CLANG_ENABLE_OBJC_ARC = YES;
				CLANG_WARN_BLOCK_CAPTURE_AUTORELEASING = YES;
				CLANG_WARN_BOOL_CONVERSION = YES;
				CLANG_WARN_COMMA = YES;
				CLANG_WARN_CONSTANT_CONVERSION = YES;
				CLANG_WARN_DIRECT_OBJC_ISA_USAGE = YES_ERROR;
				CLANG_WARN_DOCUMENTATION_COMMENTS = YES;
				CLANG_WARN_EMPTY_BODY = YES;
				CLANG_WARN_ENUM_CONVERSION = YES;
				CLANG_WARN_INFINITE_RECURSION = YES;
				CLANG_WARN_INT_CONVERSION = YES;
				CLANG_WARN_NON_LITERAL_NULL_CONVERSION = YES;
				CLANG_WARN_OBJC_LITERAL_CONVERSION = YES;
				CLANG_WARN_OBJC_ROOT_CLASS = YES_ERROR;
				CLANG_WARN_RANGE_LOOP_ANALYSIS = YES;
				CLANG_WARN_STRICT_PROTOTYPES = YES;
				CLANG_WARN_SUSPICIOUS_MOVE = YES;
				CLANG_WARN_UNGUARDED_AVAILABILITY = YES_AGGRESSIVE;
				CLANG_WARN_UNREACHABLE_CODE = YES;
				CLANG_WARN__DUPLICATE_METHOD_MATCH = YES;
				CODE_SIGN_IDENTITY = "iPhone Developer";
				COPY_PHASE_STRIP = NO;
				DEBUG_INFORMATION_FORMAT = dwarf;
				ENABLE_STRICT_OBJC_MSGSEND = YES;
				ENABLE_TESTABILITY = YES;
				GCC_C_LANGUAGE_STANDARD = gnu11;
				GCC_DYNAMIC_NO_PIC = NO;
				GCC_NO_COMMON_BLOCKS = YES;
				GCC_OPTIMIZATION_LEVEL = 0;
				GCC_PREPROCESSOR_DEFINITIONS = (
					"DEBUG=1",
					"$(inherited)",
				);
				GCC_WARN_64_TO_32_BIT_CONVERSION = YES;
				GCC_WARN_ABOUT_RETURN_TYPE = YES_ERROR;
				GCC_WARN_UNDECLARED_SELECTOR = YES;
				GCC_WARN_UNINITIALIZED_AUTOS = YES_AGGRESSIVE;
				GCC_WARN_UNUSED_FUNCTION = YES;
				GCC_WARN_UNUSED_VARIABLE = YES;
				IPHONEOS_DEPLOYMENT_TARGET = 8.0;
				MTL_ENABLE_DEBUG_INFO = YES;
				ONLY_ACTIVE_ARCH = YES;
				SDKROOT = iphoneos;
			};
			name = Debug;
		};
		D3CC35E82057CA7F00869634 /* Release */ = {
			isa = XCBuildConfiguration;
			buildSettings = {
				ALWAYS_SEARCH_USER_PATHS = NO;
				CLANG_ANALYZER_NONNULL = YES;
				CLANG_ANALYZER_NUMBER_OBJECT_CONVERSION = YES_AGGRESSIVE;
				CLANG_CXX_LANGUAGE_STANDARD = "gnu++14";
				CLANG_CXX_LIBRARY = "libc++";
				CLANG_ENABLE_MODULES = YES;
				CLANG_ENABLE_OBJC_ARC = YES;
				CLANG_WARN_BLOCK_CAPTURE_AUTORELEASING = YES;
				CLANG_WARN_BOOL_CONVERSION = YES;
				CLANG_WARN_COMMA = YES;
				CLANG_WARN_CONSTANT_CONVERSION = YES;
				CLANG_WARN_DIRECT_OBJC_ISA_USAGE = YES_ERROR;
				CLANG_WARN_DOCUMENTATION_COMMENTS = YES;
				CLANG_WARN_EMPTY_BODY = YES;
				CLANG_WARN_ENUM_CONVERSION = YES;
				CLANG_WARN_INFINITE_RECURSION = YES;
				CLANG_WARN_INT_CONVERSION = YES;
				CLANG_WARN_NON_LITERAL_NULL_CONVERSION = YES;
				CLANG_WARN_OBJC_LITERAL_CONVERSION = YES;
				CLANG_WARN_OBJC_ROOT_CLASS = YES_ERROR;
				CLANG_WARN_RANGE_LOOP_ANALYSIS = YES;
				CLANG_WARN_STRICT_PROTOTYPES = YES;
				CLANG_WARN_SUSPICIOUS_MOVE = YES;
				CLANG_WARN_UNGUARDED_AVAILABILITY = YES_AGGRESSIVE;
				CLANG_WARN_UNREACHABLE_CODE = YES;
				CLANG_WARN__DUPLICATE_METHOD_MATCH = YES;
				CODE_SIGN_IDENTITY = "iPhone Developer";
				COPY_PHASE_STRIP = NO;
				DEBUG_INFORMATION_FORMAT = "dwarf-with-dsym";
				ENABLE_NS_ASSERTIONS = NO;
				ENABLE_STRICT_OBJC_MSGSEND = YES;
				GCC_C_LANGUAGE_STANDARD = gnu11;
				GCC_NO_COMMON_BLOCKS = YES;
				GCC_WARN_64_TO_32_BIT_CONVERSION = YES;
				GCC_WARN_ABOUT_RETURN_TYPE = YES_ERROR;
				GCC_WARN_UNDECLARED_SELECTOR = YES;
				GCC_WARN_UNINITIALIZED_AUTOS = YES_AGGRESSIVE;
				GCC_WARN_UNUSED_FUNCTION = YES;
				GCC_WARN_UNUSED_VARIABLE = YES;
				IPHONEOS_DEPLOYMENT_TARGET = 8.0;
				MTL_ENABLE_DEBUG_INFO = NO;
				SDKROOT = iphoneos;
				VALIDATE_PRODUCT = YES;
			};
			name = Release;
		};
		D3CC35EA2057CA7F00869634 /* Debug */ = {
			isa = XCBuildConfiguration;
			buildSettings = {
				ASSETCATALOG_COMPILER_APPICON_NAME = AppIcon;
				CODE_SIGN_STYLE = Automatic;
				DEVELOPMENT_TEAM = Y3876PXF82;
				FRAMEWORK_SEARCH_PATHS = (
					"$(inherited)",
					"$(PROJECT_DIR)",
				);
				INFOPLIST_FILE = ToastCrashSample/Info.plist;
				LD_RUNPATH_SEARCH_PATHS = "$(inherited) @executable_path/Frameworks";
				ONLY_ACTIVE_ARCH = NO;
				OTHER_LDFLAGS = (
					"-ObjC",
					"-lc++",
				);
				PRODUCT_BUNDLE_IDENTIFIER = com.toast.ToastCrashSample;
				PRODUCT_NAME = "$(TARGET_NAME)";
				TARGETED_DEVICE_FAMILY = "1,2";
			};
			name = Debug;
		};
		D3CC35EB2057CA7F00869634 /* Release */ = {
			isa = XCBuildConfiguration;
			buildSettings = {
				ASSETCATALOG_COMPILER_APPICON_NAME = AppIcon;
				CODE_SIGN_STYLE = Automatic;
				DEVELOPMENT_TEAM = Y3876PXF82;
				FRAMEWORK_SEARCH_PATHS = (
					"$(inherited)",
					"$(PROJECT_DIR)",
				);
				INFOPLIST_FILE = ToastCrashSample/Info.plist;
				LD_RUNPATH_SEARCH_PATHS = "$(inherited) @executable_path/Frameworks";
				ONLY_ACTIVE_ARCH = NO;
				OTHER_LDFLAGS = (
					"-ObjC",
					"-lc++",
				);
				PRODUCT_BUNDLE_IDENTIFIER = com.toast.ToastCrashSample;
				PRODUCT_NAME = "$(TARGET_NAME)";
				TARGETED_DEVICE_FAMILY = "1,2";
			};
			name = Release;
		};
		D3CC35ED2057CA7F00869634 /* Debug */ = {
			isa = XCBuildConfiguration;
			buildSettings = {
				BUNDLE_LOADER = "$(TEST_HOST)";
				CODE_SIGN_STYLE = Automatic;
				DEVELOPMENT_TEAM = Y3876PXF82;
				INFOPLIST_FILE = ToastCrashSampleTests/Info.plist;
				LD_RUNPATH_SEARCH_PATHS = "$(inherited) @executable_path/Frameworks @loader_path/Frameworks";
				PRODUCT_BUNDLE_IDENTIFIER = com.toast.ToastCrashSampleTests;
				PRODUCT_NAME = "$(TARGET_NAME)";
				TARGETED_DEVICE_FAMILY = "1,2";
				TEST_HOST = "$(BUILT_PRODUCTS_DIR)/ToastCrashSample.app/ToastCrashSample";
			};
			name = Debug;
		};
		D3CC35EE2057CA7F00869634 /* Release */ = {
			isa = XCBuildConfiguration;
			buildSettings = {
				BUNDLE_LOADER = "$(TEST_HOST)";
				CODE_SIGN_STYLE = Automatic;
				DEVELOPMENT_TEAM = Y3876PXF82;
				INFOPLIST_FILE = ToastCrashSampleTests/Info.plist;
				LD_RUNPATH_SEARCH_PATHS = "$(inherited) @executable_path/Frameworks @loader_path/Frameworks";
				PRODUCT_BUNDLE_IDENTIFIER = com.toast.ToastCrashSampleTests;
				PRODUCT_NAME = "$(TARGET_NAME)";
				TARGETED_DEVICE_FAMILY = "1,2";
				TEST_HOST = "$(BUILT_PRODUCTS_DIR)/ToastCrashSample.app/ToastCrashSample";
			};
			name = Release;
		};
		D3CC35F02057CA7F00869634 /* Debug */ = {
			isa = XCBuildConfiguration;
			buildSettings = {
				CODE_SIGN_STYLE = Automatic;
				DEVELOPMENT_TEAM = Y3876PXF82;
				INFOPLIST_FILE = ToastCrashSampleUITests/Info.plist;
				LD_RUNPATH_SEARCH_PATHS = "$(inherited) @executable_path/Frameworks @loader_path/Frameworks";
				PRODUCT_BUNDLE_IDENTIFIER = com.toast.ToastCrashSampleUITests;
				PRODUCT_NAME = "$(TARGET_NAME)";
				TARGETED_DEVICE_FAMILY = "1,2";
				TEST_TARGET_NAME = ToastCrashSample;
			};
			name = Debug;
		};
		D3CC35F12057CA7F00869634 /* Release */ = {
			isa = XCBuildConfiguration;
			buildSettings = {
				CODE_SIGN_STYLE = Automatic;
				DEVELOPMENT_TEAM = Y3876PXF82;
				INFOPLIST_FILE = ToastCrashSampleUITests/Info.plist;
				LD_RUNPATH_SEARCH_PATHS = "$(inherited) @executable_path/Frameworks @loader_path/Frameworks";
				PRODUCT_BUNDLE_IDENTIFIER = com.toast.ToastCrashSampleUITests;
				PRODUCT_NAME = "$(TARGET_NAME)";
				TARGETED_DEVICE_FAMILY = "1,2";
				TEST_TARGET_NAME = ToastCrashSample;
			};
			name = Release;
		};
/* End XCBuildConfiguration section */

/* Begin XCConfigurationList section */
		D3CC35B82057CA7F00869634 /* Build configuration list for PBXProject "ToastCrashSample" */ = {
			isa = XCConfigurationList;
			buildConfigurations = (
				D3CC35E72057CA7F00869634 /* Debug */,
				D3CC35E82057CA7F00869634 /* Release */,
			);
			defaultConfigurationIsVisible = 0;
			defaultConfigurationName = Release;
		};
		D3CC35E92057CA7F00869634 /* Build configuration list for PBXNativeTarget "ToastCrashSample" */ = {
			isa = XCConfigurationList;
			buildConfigurations = (
				D3CC35EA2057CA7F00869634 /* Debug */,
				D3CC35EB2057CA7F00869634 /* Release */,
			);
			defaultConfigurationIsVisible = 0;
			defaultConfigurationName = Release;
		};
		D3CC35EC2057CA7F00869634 /* Build configuration list for PBXNativeTarget "ToastCrashSampleTests" */ = {
			isa = XCConfigurationList;
			buildConfigurations = (
				D3CC35ED2057CA7F00869634 /* Debug */,
				D3CC35EE2057CA7F00869634 /* Release */,
			);
			defaultConfigurationIsVisible = 0;
			defaultConfigurationName = Release;
		};
		D3CC35EF2057CA7F00869634 /* Build configuration list for PBXNativeTarget "ToastCrashSampleUITests" */ = {
			isa = XCConfigurationList;
			buildConfigurations = (
				D3CC35F02057CA7F00869634 /* Debug */,
				D3CC35F12057CA7F00869634 /* Release */,
			);
			defaultConfigurationIsVisible = 0;
			defaultConfigurationName = Release;
		};
/* End XCConfigurationList section */
	};
	rootObject = D3CC35B52057CA7F00869634 /* Project object */;
}
