PODS:
  - PLCrashReporter (1.2.0)
  - ToastCommon (1.0.0)
  - ToastCore (1.0.0):
    - ToastCommon (= 1.0.0)
  - ToastCrash (1.0.0):
    - PLCrashReporter (= 1.2.0)
    - ToastLogger (= 1.0.0)
  - ToastLogger (1.0.0):
    - ToastCore (= 1.0.0)
  - ToastSDK (1.0.0):
    - ToastCommon (= 1.0.0)
    - ToastCore (= 1.0.0)
    - ToastCrash (= 1.0.0)
    - ToastLogger (= 1.0.0)

DEPENDENCIES:
  - ToastSDK (= 1.0.0)

SPEC CHECKSUMS:
  PLCrashReporter: 16927d86a093d0b9cf110545dacb77cb0ed0f243
  ToastCommon: 516655bc01dd62ac8092d42425068c28822ed642
  ToastCore: 0dc3f8ab05191b87d28e4afa241923da2cf878b9
  ToastCrash: c9f0405ced23ffc6659c3f0b7e95b2d28eff8d15
  ToastLogger: 84328d0595675a2b44d1a43b759c6e2f495fb56e
  ToastSDK: 828a79f6a63693db4c1a81b9d929065ca96e38a8

PODFILE CHECKSUM: 2a755970251ed1ba0bd6357719a34dca23a9707f

COCOAPODS: 1.4.0
