// !$*UTF8*$!
{
	archiveVersion = 1;
	classes = {
	};
	objectVersion = 48;
	objects = {

/* Begin PBXBuildFile section */
		7074A4421384E57484D302A0 /* Pods_ToastSDKSample.framework in Frameworks */ = {isa = PBXBuildFile; fileRef = EDBFE9A371696E33A661EFAE /* Pods_ToastSDKSample.framework */; };
		D3CC35462057CA0F00869634 /* AppDelegate.m in Sources */ = {isa = PBXBuildFile; fileRef = D3CC35452057CA0F00869634 /* AppDelegate.m */; };
		D3CC35492057CA0F00869634 /* ViewController.m in Sources */ = {isa = PBXBuildFile; fileRef = D3CC35482057CA0F00869634 /* ViewController.m */; };
		D3CC354C2057CA0F00869634 /* Main.storyboard in Resources */ = {isa = PBXBuildFile; fileRef = D3CC354A2057CA0F00869634 /* Main.storyboard */; };
		D3CC354E2057CA0F00869634 /* Assets.xcassets in Resources */ = {isa = PBXBuildFile; fileRef = D3CC354D2057CA0F00869634 /* Assets.xcassets */; };
		D3CC35512057CA0F00869634 /* LaunchScreen.storyboard in Resources */ = {isa = PBXBuildFile; fileRef = D3CC354F2057CA0F00869634 /* LaunchScreen.storyboard */; };
		D3CC35542057CA0F00869634 /* main.m in Sources */ = {isa = PBXBuildFile; fileRef = D3CC35532057CA0F00869634 /* main.m */; };
		D3CC355E2057CA0F00869634 /* ToastSDKSampleTests.m in Sources */ = {isa = PBXBuildFile; fileRef = D3CC355D2057CA0F00869634 /* ToastSDKSampleTests.m */; };
		D3CC35692057CA0F00869634 /* ToastSDKSampleUITests.m in Sources */ = {isa = PBXBuildFile; fileRef = D3CC35682057CA0F00869634 /* ToastSDKSampleUITests.m */; };
/* End PBXBuildFile section */

/* Begin PBXContainerItemProxy section */
		D3CC355A2057CA0F00869634 /* PBXContainerItemProxy */ = {
			isa = PBXContainerItemProxy;
			containerPortal = D3CC35392057CA0E00869634 /* Project object */;
			proxyType = 1;
			remoteGlobalIDString = D3CC35402057CA0E00869634;
			remoteInfo = ToastSDKSample;
		};
		D3CC35652057CA0F00869634 /* PBXContainerItemProxy */ = {
			isa = PBXContainerItemProxy;
			containerPortal = D3CC35392057CA0E00869634 /* Project object */;
			proxyType = 1;
			remoteGlobalIDString = D3CC35402057CA0E00869634;
			remoteInfo = ToastSDKSample;
		};
/* End PBXContainerItemProxy section */

/* Begin PBXFileReference section */
		AC4E46FCB9E379DBFE76388D /* Pods-ToastSDKSample.debug.xcconfig */ = {isa = PBXFileReference; includeInIndex = 1; lastKnownFileType = text.xcconfig; name = "Pods-ToastSDKSample.debug.xcconfig"; path = "Pods/Target Support Files/Pods-ToastSDKSample/Pods-ToastSDKSample.debug.xcconfig"; sourceTree = "<group>"; };
		D3CC35412057CA0E00869634 /* ToastSDKSample.app */ = {isa = PBXFileReference; explicitFileType = wrapper.application; includeInIndex = 0; path = ToastSDKSample.app; sourceTree = BUILT_PRODUCTS_DIR; };
		D3CC35442057CA0E00869634 /* AppDelegate.h */ = {isa = PBXFileReference; lastKnownFileType = sourcecode.c.h; path = AppDelegate.h; sourceTree = "<group>"; };
		D3CC35452057CA0F00869634 /* AppDelegate.m */ = {isa = PBXFileReference; lastKnownFileType = sourcecode.c.objc; path = AppDelegate.m; sourceTree = "<group>"; };
		D3CC35472057CA0F00869634 /* ViewController.h */ = {isa = PBXFileReference; lastKnownFileType = sourcecode.c.h; path = ViewController.h; sourceTree = "<group>"; };
		D3CC35482057CA0F00869634 /* ViewController.m */ = {isa = PBXFileReference; lastKnownFileType = sourcecode.c.objc; path = ViewController.m; sourceTree = "<group>"; };
		D3CC354B2057CA0F00869634 /* Base */ = {isa = PBXFileReference; lastKnownFileType = file.storyboard; name = Base; path = Base.lproj/Main.storyboard; sourceTree = "<group>"; };
		D3CC354D2057CA0F00869634 /* Assets.xcassets */ = {isa = PBXFileReference; lastKnownFileType = folder.assetcatalog; path = Assets.xcassets; sourceTree = "<group>"; };
		D3CC35502057CA0F00869634 /* Base */ = {isa = PBXFileReference; lastKnownFileType = file.storyboard; name = Base; path = Base.lproj/LaunchScreen.storyboard; sourceTree = "<group>"; };
		D3CC35522057CA0F00869634 /* Info.plist */ = {isa = PBXFileReference; lastKnownFileType = text.plist.xml; path = Info.plist; sourceTree = "<group>"; };
		D3CC35532057CA0F00869634 /* main.m */ = {isa = PBXFileReference; lastKnownFileType = sourcecode.c.objc; path = main.m; sourceTree = "<group>"; };
		D3CC35592057CA0F00869634 /* ToastSDKSampleTests.xctest */ = {isa = PBXFileReference; explicitFileType = wrapper.cfbundle; includeInIndex = 0; path = ToastSDKSampleTests.xctest; sourceTree = BUILT_PRODUCTS_DIR; };
		D3CC355D2057CA0F00869634 /* ToastSDKSampleTests.m */ = {isa = PBXFileReference; lastKnownFileType = sourcecode.c.objc; path = ToastSDKSampleTests.m; sourceTree = "<group>"; };
		D3CC355F2057CA0F00869634 /* Info.plist */ = {isa = PBXFileReference; lastKnownFileType = text.plist.xml; path = Info.plist; sourceTree = "<group>"; };
		D3CC35642057CA0F00869634 /* ToastSDKSampleUITests.xctest */ = {isa = PBXFileReference; explicitFileType = wrapper.cfbundle; includeInIndex = 0; path = ToastSDKSampleUITests.xctest; sourceTree = BUILT_PRODUCTS_DIR; };
		D3CC35682057CA0F00869634 /* ToastSDKSampleUITests.m */ = {isa = PBXFileReference; lastKnownFileType = sourcecode.c.objc; path = ToastSDKSampleUITests.m; sourceTree = "<group>"; };
		D3CC356A2057CA0F00869634 /* Info.plist */ = {isa = PBXFileReference; lastKnownFileType = text.plist.xml; path = Info.plist; sourceTree = "<group>"; };
		E62143AE344053EA00D28D9E /* Pods-ToastSDKSample.release.xcconfig */ = {isa = PBXFileReference; includeInIndex = 1; lastKnownFileType = text.xcconfig; name = "Pods-ToastSDKSample.release.xcconfig"; path = "Pods/Target Support Files/Pods-ToastSDKSample/Pods-ToastSDKSample.release.xcconfig"; sourceTree = "<group>"; };
		EDBFE9A371696E33A661EFAE /* Pods_ToastSDKSample.framework */ = {isa = PBXFileReference; explicitFileType = wrapper.framework; includeInIndex = 0; path = Pods_ToastSDKSample.framework; sourceTree = BUILT_PRODUCTS_DIR; };
/* End PBXFileReference section */

/* Begin PBXFrameworksBuildPhase section */
		D3CC353E2057CA0E00869634 /* Frameworks */ = {
			isa = PBXFrameworksBuildPhase;
			buildActionMask = 2147483647;
			files = (
				7074A4421384E57484D302A0 /* Pods_ToastSDKSample.framework in Frameworks */,
			);
			runOnlyForDeploymentPostprocessing = 0;
		};
		D3CC35562057CA0F00869634 /* Frameworks */ = {
			isa = PBXFrameworksBuildPhase;
			buildActionMask = 2147483647;
			files = (
			);
			runOnlyForDeploymentPostprocessing = 0;
		};
		D3CC35612057CA0F00869634 /* Frameworks */ = {
			isa = PBXFrameworksBuildPhase;
			buildActionMask = 2147483647;
			files = (
			);
			runOnlyForDeploymentPostprocessing = 0;
		};
/* End PBXFrameworksBuildPhase section */

/* Begin PBXGroup section */
		6D7DF9FD8E2C90A580614EAF /* Frameworks */ = {
			isa = PBXGroup;
			children = (
				EDBFE9A371696E33A661EFAE /* Pods_ToastSDKSample.framework */,
			);
			name = Frameworks;
			sourceTree = "<group>";
		};
		A1572F06DD44BB22933E7F6B /* Pods */ = {
			isa = PBXGroup;
			children = (
				AC4E46FCB9E379DBFE76388D /* Pods-ToastSDKSample.debug.xcconfig */,
				E62143AE344053EA00D28D9E /* Pods-ToastSDKSample.release.xcconfig */,
			);
			name = Pods;
			sourceTree = "<group>";
		};
		D3CC35382057CA0E00869634 = {
			isa = PBXGroup;
			children = (
				D3CC35432057CA0E00869634 /* ToastSDKSample */,
				D3CC355C2057CA0F00869634 /* ToastSDKSampleTests */,
				D3CC35672057CA0F00869634 /* ToastSDKSampleUITests */,
				D3CC35422057CA0E00869634 /* Products */,
				A1572F06DD44BB22933E7F6B /* Pods */,
				6D7DF9FD8E2C90A580614EAF /* Frameworks */,
			);
			sourceTree = "<group>";
		};
		D3CC35422057CA0E00869634 /* Products */ = {
			isa = PBXGroup;
			children = (
				D3CC35412057CA0E00869634 /* ToastSDKSample.app */,
				D3CC35592057CA0F00869634 /* ToastSDKSampleTests.xctest */,
				D3CC35642057CA0F00869634 /* ToastSDKSampleUITests.xctest */,
			);
			name = Products;
			sourceTree = "<group>";
		};
		D3CC35432057CA0E00869634 /* ToastSDKSample */ = {
			isa = PBXGroup;
			children = (
				D3CC35442057CA0E00869634 /* AppDelegate.h */,
				D3CC35452057CA0F00869634 /* AppDelegate.m */,
				D3CC35472057CA0F00869634 /* ViewController.h */,
				D3CC35482057CA0F00869634 /* ViewController.m */,
				D3CC354A2057CA0F00869634 /* Main.storyboard */,
				D3CC354D2057CA0F00869634 /* Assets.xcassets */,
				D3CC354F2057CA0F00869634 /* LaunchScreen.storyboard */,
				D3CC35522057CA0F00869634 /* Info.plist */,
				D3CC35532057CA0F00869634 /* main.m */,
			);
			path = ToastSDKSample;
			sourceTree = "<group>";
		};
		D3CC355C2057CA0F00869634 /* ToastSDKSampleTests */ = {
			isa = PBXGroup;
			children = (
				D3CC355D2057CA0F00869634 /* ToastSDKSampleTests.m */,
				D3CC355F2057CA0F00869634 /* Info.plist */,
			);
			path = ToastSDKSampleTests;
			sourceTree = "<group>";
		};
		D3CC35672057CA0F00869634 /* ToastSDKSampleUITests */ = {
			isa = PBXGroup;
			children = (
				D3CC35682057CA0F00869634 /* ToastSDKSampleUITests.m */,
				D3CC356A2057CA0F00869634 /* Info.plist */,
			);
			path = ToastSDKSampleUITests;
			sourceTree = "<group>";
		};
/* End PBXGroup section */

/* Begin PBXNativeTarget section */
		D3CC35402057CA0E00869634 /* ToastSDKSample */ = {
			isa = PBXNativeTarget;
			buildConfigurationList = D3CC356D2057CA0F00869634 /* Build configuration list for PBXNativeTarget "ToastSDKSample" */;
			buildPhases = (
				7CC88076EE1F76001CBD79E2 /* [CP] Check Pods Manifest.lock */,
				D3CC353D2057CA0E00869634 /* Sources */,
				D3CC353E2057CA0E00869634 /* Frameworks */,
				D3CC353F2057CA0E00869634 /* Resources */,
				AE96C5686BCDC22331A178B0 /* [CP] Embed Pods Frameworks */,
				B4123A9978F7C7112C59824C /* [CP] Copy Pods Resources */,
			);
			buildRules = (
			);
			dependencies = (
			);
			name = ToastSDKSample;
			productName = ToastSDKSample;
			productReference = D3CC35412057CA0E00869634 /* ToastSDKSample.app */;
			productType = "com.apple.product-type.application";
		};
		D3CC35582057CA0F00869634 /* ToastSDKSampleTests */ = {
			isa = PBXNativeTarget;
			buildConfigurationList = D3CC35702057CA0F00869634 /* Build configuration list for PBXNativeTarget "ToastSDKSampleTests" */;
			buildPhases = (
				D3CC35552057CA0F00869634 /* Sources */,
				D3CC35562057CA0F00869634 /* Frameworks */,
				D3CC35572057CA0F00869634 /* Resources */,
			);
			buildRules = (
			);
			dependencies = (
				D3CC355B2057CA0F00869634 /* PBXTargetDependency */,
			);
			name = ToastSDKSampleTests;
			productName = ToastSDKSampleTests;
			productReference = D3CC35592057CA0F00869634 /* ToastSDKSampleTests.xctest */;
			productType = "com.apple.product-type.bundle.unit-test";
		};
		D3CC35632057CA0F00869634 /* ToastSDKSampleUITests */ = {
			isa = PBXNativeTarget;
			buildConfigurationList = D3CC35732057CA0F00869634 /* Build configuration list for PBXNativeTarget "ToastSDKSampleUITests" */;
			buildPhases = (
				D3CC35602057CA0F00869634 /* Sources */,
				D3CC35612057CA0F00869634 /* Frameworks */,
				D3CC35622057CA0F00869634 /* Resources */,
			);
			buildRules = (
			);
			dependencies = (
				D3CC35662057CA0F00869634 /* PBXTargetDependency */,
			);
			name = ToastSDKSampleUITests;
			productName = ToastSDKSampleUITests;
			productReference = D3CC35642057CA0F00869634 /* ToastSDKSampleUITests.xctest */;
			productType = "com.apple.product-type.bundle.ui-testing";
		};
/* End PBXNativeTarget section */

/* Begin PBXProject section */
		D3CC35392057CA0E00869634 /* Project object */ = {
			isa = PBXProject;
			attributes = {
				LastUpgradeCheck = 0920;
				ORGANIZATIONNAME = "NHN Entertainment Corp.";
				TargetAttributes = {
					D3CC35402057CA0E00869634 = {
						CreatedOnToolsVersion = 9.2;
						ProvisioningStyle = Automatic;
					};
					D3CC35582057CA0F00869634 = {
						CreatedOnToolsVersion = 9.2;
						ProvisioningStyle = Automatic;
						TestTargetID = D3CC35402057CA0E00869634;
					};
					D3CC35632057CA0F00869634 = {
						CreatedOnToolsVersion = 9.2;
						ProvisioningStyle = Automatic;
						TestTargetID = D3CC35402057CA0E00869634;
					};
				};
			};
			buildConfigurationList = D3CC353C2057CA0E00869634 /* Build configuration list for PBXProject "ToastSDKSample" */;
			compatibilityVersion = "Xcode 8.0";
			developmentRegion = en;
			hasScannedForEncodings = 0;
			knownRegions = (
				en,
				Base,
			);
			mainGroup = D3CC35382057CA0E00869634;
			productRefGroup = D3CC35422057CA0E00869634 /* Products */;
			projectDirPath = "";
			projectRoot = "";
			targets = (
				D3CC35402057CA0E00869634 /* ToastSDKSample */,
				D3CC35582057CA0F00869634 /* ToastSDKSampleTests */,
				D3CC35632057CA0F00869634 /* ToastSDKSampleUITests */,
			);
		};
/* End PBXProject section */

/* Begin PBXResourcesBuildPhase section */
		D3CC353F2057CA0E00869634 /* Resources */ = {
			isa = PBXResourcesBuildPhase;
			buildActionMask = 2147483647;
			files = (
				D3CC35512057CA0F00869634 /* LaunchScreen.storyboard in Resources */,
				D3CC354E2057CA0F00869634 /* Assets.xcassets in Resources */,
				D3CC354C2057CA0F00869634 /* Main.storyboard in Resources */,
			);
			runOnlyForDeploymentPostprocessing = 0;
		};
		D3CC35572057CA0F00869634 /* Resources */ = {
			isa = PBXResourcesBuildPhase;
			buildActionMask = 2147483647;
			files = (
			);
			runOnlyForDeploymentPostprocessing = 0;
		};
		D3CC35622057CA0F00869634 /* Resources */ = {
			isa = PBXResourcesBuildPhase;
			buildActionMask = 2147483647;
			files = (
			);
			runOnlyForDeploymentPostprocessing = 0;
		};
/* End PBXResourcesBuildPhase section */

/* Begin PBXShellScriptBuildPhase section */
		7CC88076EE1F76001CBD79E2 /* [CP] Check Pods Manifest.lock */ = {
			isa = PBXShellScriptBuildPhase;
			buildActionMask = 2147483647;
			files = (
			);
			inputPaths = (
				"${PODS_PODFILE_DIR_PATH}/Podfile.lock",
				"${PODS_ROOT}/Manifest.lock",
			);
			name = "[CP] Check Pods Manifest.lock";
			outputPaths = (
				"$(DERIVED_FILE_DIR)/Pods-ToastSDKSample-checkManifestLockResult.txt",
			);
			runOnlyForDeploymentPostprocessing = 0;
			shellPath = /bin/sh;
			shellScript = "diff \"${PODS_PODFILE_DIR_PATH}/Podfile.lock\" \"${PODS_ROOT}/Manifest.lock\" > /dev/null\nif [ $? != 0 ] ; then\n    # print error to STDERR\n    echo \"error: The sandbox is not in sync with the Podfile.lock. Run 'pod install' or update your CocoaPods installation.\" >&2\n    exit 1\nfi\n# This output is used by Xcode 'outputs' to avoid re-running this script phase.\necho \"SUCCESS\" > \"${SCRIPT_OUTPUT_FILE_0}\"\n";
			showEnvVarsInLog = 0;
		};
		AE96C5686BCDC22331A178B0 /* [CP] Embed Pods Frameworks */ = {
			isa = PBXShellScriptBuildPhase;
			buildActionMask = 2147483647;
			files = (
			);
			inputPaths = (
			);
			name = "[CP] Embed Pods Frameworks";
			outputPaths = (
			);
			runOnlyForDeploymentPostprocessing = 0;
			shellPath = /bin/sh;
			shellScript = "\"${SRCROOT}/Pods/Target Support Files/Pods-ToastSDKSample/Pods-ToastSDKSample-frameworks.sh\"\n";
			showEnvVarsInLog = 0;
		};
		B4123A9978F7C7112C59824C /* [CP] Copy Pods Resources */ = {
			isa = PBXShellScriptBuildPhase;
			buildActionMask = 2147483647;
			files = (
			);
			inputPaths = (
			);
			name = "[CP] Copy Pods Resources";
			outputPaths = (
			);
			runOnlyForDeploymentPostprocessing = 0;
			shellPath = /bin/sh;
			shellScript = "\"${SRCROOT}/Pods/Target Support Files/Pods-ToastSDKSample/Pods-ToastSDKSample-resources.sh\"\n";
			showEnvVarsInLog = 0;
		};
/* End PBXShellScriptBuildPhase section */

/* Begin PBXSourcesBuildPhase section */
		D3CC353D2057CA0E00869634 /* Sources */ = {
			isa = PBXSourcesBuildPhase;
			buildActionMask = 2147483647;
			files = (
				D3CC35492057CA0F00869634 /* ViewController.m in Sources */,
				D3CC35542057CA0F00869634 /* main.m in Sources */,
				D3CC35462057CA0F00869634 /* AppDelegate.m in Sources */,
			);
			runOnlyForDeploymentPostprocessing = 0;
		};
		D3CC35552057CA0F00869634 /* Sources */ = {
			isa = PBXSourcesBuildPhase;
			buildActionMask = 2147483647;
			files = (
				D3CC355E2057CA0F00869634 /* ToastSDKSampleTests.m in Sources */,
			);
			runOnlyForDeploymentPostprocessing = 0;
		};
		D3CC35602057CA0F00869634 /* Sources */ = {
			isa = PBXSourcesBuildPhase;
			buildActionMask = 2147483647;
			files = (
				D3CC35692057CA0F00869634 /* ToastSDKSampleUITests.m in Sources */,
			);
			runOnlyForDeploymentPostprocessing = 0;
		};
/* End PBXSourcesBuildPhase section */

/* Begin PBXTargetDependency section */
		D3CC355B2057CA0F00869634 /* PBXTargetDependency */ = {
			isa = PBXTargetDependency;
			target = D3CC35402057CA0E00869634 /* ToastSDKSample */;
			targetProxy = D3CC355A2057CA0F00869634 /* PBXContainerItemProxy */;
		};
		D3CC35662057CA0F00869634 /* PBXTargetDependency */ = {
			isa = PBXTargetDependency;
			target = D3CC35402057CA0E00869634 /* ToastSDKSample */;
			targetProxy = D3CC35652057CA0F00869634 /* PBXContainerItemProxy */;
		};
/* End PBXTargetDependency section */

/* Begin PBXVariantGroup section */
		D3CC354A2057CA0F00869634 /* Main.storyboard */ = {
			isa = PBXVariantGroup;
			children = (
				D3CC354B2057CA0F00869634 /* Base */,
			);
			name = Main.storyboard;
			sourceTree = "<group>";
		};
		D3CC354F2057CA0F00869634 /* LaunchScreen.storyboard */ = {
			isa = PBXVariantGroup;
			children = (
				D3CC35502057CA0F00869634 /* Base */,
			);
			name = LaunchScreen.storyboard;
			sourceTree = "<group>";
		};
/* End PBXVariantGroup section */

/* Begin XCBuildConfiguration section */
		D3CC356B2057CA0F00869634 /* Debug */ = {
			isa = XCBuildConfiguration;
			buildSettings = {
				ALWAYS_SEARCH_USER_PATHS = NO;
				CLANG_ANALYZER_NONNULL = YES;
				CLANG_ANALYZER_NUMBER_OBJECT_CONVERSION = YES_AGGRESSIVE;
				CLANG_CXX_LANGUAGE_STANDARD = "gnu++14";
				CLANG_CXX_LIBRARY = "libc++";
				CLANG_ENABLE_MODULES = YES;
				CLANG_ENABLE_OBJC_ARC = YES;
				CLANG_WARN_BLOCK_CAPTURE_AUTORELEASING = YES;
				CLANG_WARN_BOOL_CONVERSION = YES;
				CLANG_WARN_COMMA = YES;
				CLANG_WARN_CONSTANT_CONVERSION = YES;
				CLANG_WARN_DIRECT_OBJC_ISA_USAGE = YES_ERROR;
				CLANG_WARN_DOCUMENTATION_COMMENTS = YES;
				CLANG_WARN_EMPTY_BODY = YES;
				CLANG_WARN_ENUM_CONVERSION = YES;
				CLANG_WARN_INFINITE_RECURSION = YES;
				CLANG_WARN_INT_CONVERSION = YES;
				CLANG_WARN_NON_LITERAL_NULL_CONVERSION = YES;
				CLANG_WARN_OBJC_LITERAL_CONVERSION = YES;
				CLANG_WARN_OBJC_ROOT_CLASS = YES_ERROR;
				CLANG_WARN_RANGE_LOOP_ANALYSIS = YES;
				CLANG_WARN_STRICT_PROTOTYPES = YES;
				CLANG_WARN_SUSPICIOUS_MOVE = YES;
				CLANG_WARN_UNGUARDED_AVAILABILITY = YES_AGGRESSIVE;
				CLANG_WARN_UNREACHABLE_CODE = YES;
				CLANG_WARN__DUPLICATE_METHOD_MATCH = YES;
				CODE_SIGN_IDENTITY = "iPhone Developer";
				COPY_PHASE_STRIP = NO;
				DEBUG_INFORMATION_FORMAT = dwarf;
				ENABLE_STRICT_OBJC_MSGSEND = YES;
				ENABLE_TESTABILITY = YES;
				GCC_C_LANGUAGE_STANDARD = gnu11;
				GCC_DYNAMIC_NO_PIC = NO;
				GCC_NO_COMMON_BLOCKS = YES;
				GCC_OPTIMIZATION_LEVEL = 0;
				GCC_PREPROCESSOR_DEFINITIONS = (
					"DEBUG=1",
					"$(inherited)",
				);
				GCC_WARN_64_TO_32_BIT_CONVERSION = YES;
				GCC_WARN_ABOUT_RETURN_TYPE = YES_ERROR;
				GCC_WARN_UNDECLARED_SELECTOR = YES;
				GCC_WARN_UNINITIALIZED_AUTOS = YES_AGGRESSIVE;
				GCC_WARN_UNUSED_FUNCTION = YES;
				GCC_WARN_UNUSED_VARIABLE = YES;
				IPHONEOS_DEPLOYMENT_TARGET = 8.0;
				MTL_ENABLE_DEBUG_INFO = YES;
				ONLY_ACTIVE_ARCH = YES;
				SDKROOT = iphoneos;
			};
			name = Debug;
		};
		D3CC356C2057CA0F00869634 /* Release */ = {
			isa = XCBuildConfiguration;
			buildSettings = {
				ALWAYS_SEARCH_USER_PATHS = NO;
				CLANG_ANALYZER_NONNULL = YES;
				CLANG_ANALYZER_NUMBER_OBJECT_CONVERSION = YES_AGGRESSIVE;
				CLANG_CXX_LANGUAGE_STANDARD = "gnu++14";
				CLANG_CXX_LIBRARY = "libc++";
				CLANG_ENABLE_MODULES = YES;
				CLANG_ENABLE_OBJC_ARC = YES;
				CLANG_WARN_BLOCK_CAPTURE_AUTORELEASING = YES;
				CLANG_WARN_BOOL_CONVERSION = YES;
				CLANG_WARN_COMMA = YES;
				CLANG_WARN_CONSTANT_CONVERSION = YES;
				CLANG_WARN_DIRECT_OBJC_ISA_USAGE = YES_ERROR;
				CLANG_WARN_DOCUMENTATION_COMMENTS = YES;
				CLANG_WARN_EMPTY_BODY = YES;
				CLANG_WARN_ENUM_CONVERSION = YES;
				CLANG_WARN_INFINITE_RECURSION = YES;
				CLANG_WARN_INT_CONVERSION = YES;
				CLANG_WARN_NON_LITERAL_NULL_CONVERSION = YES;
				CLANG_WARN_OBJC_LITERAL_CONVERSION = YES;
				CLANG_WARN_OBJC_ROOT_CLASS = YES_ERROR;
				CLANG_WARN_RANGE_LOOP_ANALYSIS = YES;
				CLANG_WARN_STRICT_PROTOTYPES = YES;
				CLANG_WARN_SUSPICIOUS_MOVE = YES;
				CLANG_WARN_UNGUARDED_AVAILABILITY = YES_AGGRESSIVE;
				CLANG_WARN_UNREACHABLE_CODE = YES;
				CLANG_WARN__DUPLICATE_METHOD_MATCH = YES;
				CODE_SIGN_IDENTITY = "iPhone Developer";
				COPY_PHASE_STRIP = NO;
				DEBUG_INFORMATION_FORMAT = "dwarf-with-dsym";
				ENABLE_NS_ASSERTIONS = NO;
				ENABLE_STRICT_OBJC_MSGSEND = YES;
				GCC_C_LANGUAGE_STANDARD = gnu11;
				GCC_NO_COMMON_BLOCKS = YES;
				GCC_WARN_64_TO_32_BIT_CONVERSION = YES;
				GCC_WARN_ABOUT_RETURN_TYPE = YES_ERROR;
				GCC_WARN_UNDECLARED_SELECTOR = YES;
				GCC_WARN_UNINITIALIZED_AUTOS = YES_AGGRESSIVE;
				GCC_WARN_UNUSED_FUNCTION = YES;
				GCC_WARN_UNUSED_VARIABLE = YES;
				IPHONEOS_DEPLOYMENT_TARGET = 8.0;
				MTL_ENABLE_DEBUG_INFO = NO;
				SDKROOT = iphoneos;
				VALIDATE_PRODUCT = YES;
			};
			name = Release;
		};
		D3CC356E2057CA0F00869634 /* Debug */ = {
			isa = XCBuildConfiguration;
			baseConfigurationReference = AC4E46FCB9E379DBFE76388D /* Pods-ToastSDKSample.debug.xcconfig */;
			buildSettings = {
				ASSETCATALOG_COMPILER_APPICON_NAME = AppIcon;
				CODE_SIGN_STYLE = Automatic;
				DEVELOPMENT_TEAM = Y3876PXF82;
				INFOPLIST_FILE = ToastSDKSample/Info.plist;
				LD_RUNPATH_SEARCH_PATHS = "$(inherited) @executable_path/Frameworks";
				PRODUCT_BUNDLE_IDENTIFIER = com.toast.ToastSDKSample;
				PRODUCT_NAME = "$(TARGET_NAME)";
				TARGETED_DEVICE_FAMILY = "1,2";
			};
			name = Debug;
		};
		D3CC356F2057CA0F00869634 /* Release */ = {
			isa = XCBuildConfiguration;
			baseConfigurationReference = E62143AE344053EA00D28D9E /* Pods-ToastSDKSample.release.xcconfig */;
			buildSettings = {
				ASSETCATALOG_COMPILER_APPICON_NAME = AppIcon;
				CODE_SIGN_STYLE = Automatic;
				DEVELOPMENT_TEAM = Y3876PXF82;
				INFOPLIST_FILE = ToastSDKSample/Info.plist;
				LD_RUNPATH_SEARCH_PATHS = "$(inherited) @executable_path/Frameworks";
				PRODUCT_BUNDLE_IDENTIFIER = com.toast.ToastSDKSample;
				PRODUCT_NAME = "$(TARGET_NAME)";
				TARGETED_DEVICE_FAMILY = "1,2";
			};
			name = Release;
		};
		D3CC35712057CA0F00869634 /* Debug */ = {
			isa = XCBuildConfiguration;
			buildSettings = {
				BUNDLE_LOADER = "$(TEST_HOST)";
				CODE_SIGN_STYLE = Automatic;
				DEVELOPMENT_TEAM = Y3876PXF82;
				INFOPLIST_FILE = ToastSDKSampleTests/Info.plist;
				LD_RUNPATH_SEARCH_PATHS = "$(inherited) @executable_path/Frameworks @loader_path/Frameworks";
				PRODUCT_BUNDLE_IDENTIFIER = com.toast.ToastSDKSampleTests;
				PRODUCT_NAME = "$(TARGET_NAME)";
				TARGETED_DEVICE_FAMILY = "1,2";
				TEST_HOST = "$(BUILT_PRODUCTS_DIR)/ToastSDKSample.app/ToastSDKSample";
			};
			name = Debug;
		};
		D3CC35722057CA0F00869634 /* Release */ = {
			isa = XCBuildConfiguration;
			buildSettings = {
				BUNDLE_LOADER = "$(TEST_HOST)";
				CODE_SIGN_STYLE = Automatic;
				DEVELOPMENT_TEAM = Y3876PXF82;
				INFOPLIST_FILE = ToastSDKSampleTests/Info.plist;
				LD_RUNPATH_SEARCH_PATHS = "$(inherited) @executable_path/Frameworks @loader_path/Frameworks";
				PRODUCT_BUNDLE_IDENTIFIER = com.toast.ToastSDKSampleTests;
				PRODUCT_NAME = "$(TARGET_NAME)";
				TARGETED_DEVICE_FAMILY = "1,2";
				TEST_HOST = "$(BUILT_PRODUCTS_DIR)/ToastSDKSample.app/ToastSDKSample";
			};
			name = Release;
		};
		D3CC35742057CA0F00869634 /* Debug */ = {
			isa = XCBuildConfiguration;
			buildSettings = {
				CODE_SIGN_STYLE = Automatic;
				DEVELOPMENT_TEAM = Y3876PXF82;
				INFOPLIST_FILE = ToastSDKSampleUITests/Info.plist;
				LD_RUNPATH_SEARCH_PATHS = "$(inherited) @executable_path/Frameworks @loader_path/Frameworks";
				PRODUCT_BUNDLE_IDENTIFIER = com.toast.ToastSDKSampleUITests;
				PRODUCT_NAME = "$(TARGET_NAME)";
				TARGETED_DEVICE_FAMILY = "1,2";
				TEST_TARGET_NAME = ToastSDKSample;
			};
			name = Debug;
		};
		D3CC35752057CA0F00869634 /* Release */ = {
			isa = XCBuildConfiguration;
			buildSettings = {
				CODE_SIGN_STYLE = Automatic;
				DEVELOPMENT_TEAM = Y3876PXF82;
				INFOPLIST_FILE = ToastSDKSampleUITests/Info.plist;
				LD_RUNPATH_SEARCH_PATHS = "$(inherited) @executable_path/Frameworks @loader_path/Frameworks";
				PRODUCT_BUNDLE_IDENTIFIER = com.toast.ToastSDKSampleUITests;
				PRODUCT_NAME = "$(TARGET_NAME)";
				TARGETED_DEVICE_FAMILY = "1,2";
				TEST_TARGET_NAME = ToastSDKSample;
			};
			name = Release;
		};
/* End XCBuildConfiguration section */

/* Begin XCConfigurationList section */
		D3CC353C2057CA0E00869634 /* Build configuration list for PBXProject "ToastSDKSample" */ = {
			isa = XCConfigurationList;
			buildConfigurations = (
				D3CC356B2057CA0F00869634 /* Debug */,
				D3CC356C2057CA0F00869634 /* Release */,
			);
			defaultConfigurationIsVisible = 0;
			defaultConfigurationName = Release;
		};
		D3CC356D2057CA0F00869634 /* Build configuration list for PBXNativeTarget "ToastSDKSample" */ = {
			isa = XCConfigurationList;
			buildConfigurations = (
				D3CC356E2057CA0F00869634 /* Debug */,
				D3CC356F2057CA0F00869634 /* Release */,
			);
			defaultConfigurationIsVisible = 0;
			defaultConfigurationName = Release;
		};
		D3CC35702057CA0F00869634 /* Build configuration list for PBXNativeTarget "ToastSDKSampleTests" */ = {
			isa = XCConfigurationList;
			buildConfigurations = (
				D3CC35712057CA0F00869634 /* Debug */,
				D3CC35722057CA0F00869634 /* Release */,
			);
			defaultConfigurationIsVisible = 0;
			defaultConfigurationName = Release;
		};
		D3CC35732057CA0F00869634 /* Build configuration list for PBXNativeTarget "ToastSDKSampleUITests" */ = {
			isa = XCConfigurationList;
			buildConfigurations = (
				D3CC35742057CA0F00869634 /* Debug */,
				D3CC35752057CA0F00869634 /* Release */,
			);
			defaultConfigurationIsVisible = 0;
			defaultConfigurationName = Release;
		};
/* End XCConfigurationList section */
	};
	rootObject = D3CC35392057CA0E00869634 /* Project object */;
}
